// !$*UTF8*$!
{
	archiveVersion = 1;
	classes = {
	};
	objectVersion = 46;
	objects = {

/* Begin PBXBuildFile section */
		6F7511262084578D00ABCCB7 /* UIScrollView+XYRefreshView.m in Sources */ = {isa = PBXBuildFile; fileRef = 6F75111F2084578D00ABCCB7 /* UIScrollView+XYRefreshView.m */; };
		6F7511272084578D00ABCCB7 /* XYPullRefreshView.m in Sources */ = {isa = PBXBuildFile; fileRef = 6F7511212084578D00ABCCB7 /* XYPullRefreshView.m */; };
		6F7511282084578D00ABCCB7 /* XYPushRefreshView.m in Sources */ = {isa = PBXBuildFile; fileRef = 6F7511232084578D00ABCCB7 /* XYPushRefreshView.m */; };
		6F75113920847FB800ABCCB7 /* XYRefreshTool.bundle in Resources */ = {isa = PBXBuildFile; fileRef = 6F75113820847FB800ABCCB7 /* XYRefreshTool.bundle */; };
		B7D600211DBB64090005FB38 /* main.m in Sources */ = {isa = PBXBuildFile; fileRef = B7D600201DBB64090005FB38 /* main.m */; };
		B7D600241DBB64090005FB38 /* AppDelegate.m in Sources */ = {isa = PBXBuildFile; fileRef = B7D600231DBB64090005FB38 /* AppDelegate.m */; };
		B7D600271DBB64090005FB38 /* ViewController.m in Sources */ = {isa = PBXBuildFile; fileRef = B7D600261DBB64090005FB38 /* ViewController.m */; };
		B7D6002A1DBB64090005FB38 /* Main.storyboard in Resources */ = {isa = PBXBuildFile; fileRef = B7D600281DBB64090005FB38 /* Main.storyboard */; };
		B7D6002C1DBB64090005FB38 /* Assets.xcassets in Resources */ = {isa = PBXBuildFile; fileRef = B7D6002B1DBB64090005FB38 /* Assets.xcassets */; };
		B7D6002F1DBB64090005FB38 /* LaunchScreen.storyboard in Resources */ = {isa = PBXBuildFile; fileRef = B7D6002D1DBB64090005FB38 /* LaunchScreen.storyboard */; };
/* End PBXBuildFile section */

/* Begin PBXFileReference section */
		6F75111E2084578D00ABCCB7 /* UIScrollView+XYRefreshView.h */ = {isa = PBXFileReference; fileEncoding = 4; lastKnownFileType = sourcecode.c.h; path = "UIScrollView+XYRefreshView.h"; sourceTree = "<group>"; };
		6F75111F2084578D00ABCCB7 /* UIScrollView+XYRefreshView.m */ = {isa = PBXFileReference; fileEncoding = 4; lastKnownFileType = sourcecode.c.objc; path = "UIScrollView+XYRefreshView.m"; sourceTree = "<group>"; };
		6F7511202084578D00ABCCB7 /* XYPullRefreshView.h */ = {isa = PBXFileReference; fileEncoding = 4; lastKnownFileType = sourcecode.c.h; path = XYPullRefreshView.h; sourceTree = "<group>"; };
		6F7511212084578D00ABCCB7 /* XYPullRefreshView.m */ = {isa = PBXFileReference; fileEncoding = 4; lastKnownFileType = sourcecode.c.objc; path = XYPullRefreshView.m; sourceTree = "<group>"; };
		6F7511222084578D00ABCCB7 /* XYPushRefreshView.h */ = {isa = PBXFileReference; fileEncoding = 4; lastKnownFileType = sourcecode.c.h; path = XYPushRefreshView.h; sourceTree = "<group>"; };
		6F7511232084578D00ABCCB7 /* XYPushRefreshView.m */ = {isa = PBXFileReference; fileEncoding = 4; lastKnownFileType = sourcecode.c.objc; path = XYPushRefreshView.m; sourceTree = "<group>"; };
		6F75113820847FB800ABCCB7 /* XYRefreshTool.bundle */ = {isa = PBXFileReference; lastKnownFileType = "wrapper.plug-in"; path = XYRefreshTool.bundle; sourceTree = "<group>"; };
		B7D6001C1DBB64090005FB38 /* XYRefreshTool.app */ = {isa = PBXFileReference; explicitFileType = wrapper.application; includeInIndex = 0; path = XYRefreshTool.app; sourceTree = BUILT_PRODUCTS_DIR; };
		B7D600201DBB64090005FB38 /* main.m */ = {isa = PBXFileReference; lastKnownFileType = sourcecode.c.objc; path = main.m; sourceTree = "<group>"; };
		B7D600221DBB64090005FB38 /* AppDelegate.h */ = {isa = PBXFileReference; lastKnownFileType = sourcecode.c.h; path = AppDelegate.h; sourceTree = "<group>"; };
		B7D600231DBB64090005FB38 /* AppDelegate.m */ = {isa = PBXFileReference; lastKnownFileType = sourcecode.c.objc; path = AppDelegate.m; sourceTree = "<group>"; };
		B7D600251DBB64090005FB38 /* ViewController.h */ = {isa = PBXFileReference; lastKnownFileType = sourcecode.c.h; path = ViewController.h; sourceTree = "<group>"; };
		B7D600261DBB64090005FB38 /* ViewController.m */ = {isa = PBXFileReference; lastKnownFileType = sourcecode.c.objc; path = ViewController.m; sourceTree = "<group>"; };
		B7D600291DBB64090005FB38 /* Base */ = {isa = PBXFileReference; lastKnownFileType = file.storyboard; name = Base; path = Base.lproj/Main.storyboard; sourceTree = "<group>"; };
		B7D6002B1DBB64090005FB38 /* Assets.xcassets */ = {isa = PBXFileReference; lastKnownFileType = folder.assetcatalog; path = Assets.xcassets; sourceTree = "<group>"; };
		B7D6002E1DBB64090005FB38 /* Base */ = {isa = PBXFileReference; lastKnownFileType = file.storyboard; name = Base; path = Base.lproj/LaunchScreen.storyboard; sourceTree = "<group>"; };
		B7D600301DBB64090005FB38 /* Info.plist */ = {isa = PBXFileReference; lastKnownFileType = text.plist.xml; path = Info.plist; sourceTree = "<group>"; };
/* End PBXFileReference section */

/* Begin PBXFrameworksBuildPhase section */
		B7D600191DBB64090005FB38 /* Frameworks */ = {
			isa = PBXFrameworksBuildPhase;
			buildActionMask = 2147483647;
			files = (
			);
			runOnlyForDeploymentPostprocessing = 0;
		};
/* End PBXFrameworksBuildPhase section */

/* Begin PBXGroup section */
		6F75111B2084578D00ABCCB7 /* Source */ = {
			isa = PBXGroup;
			children = (
				6F75113820847FB800ABCCB7 /* XYRefreshTool.bundle */,
				6F75111E2084578D00ABCCB7 /* UIScrollView+XYRefreshView.h */,
				6F75111F2084578D00ABCCB7 /* UIScrollView+XYRefreshView.m */,
				6F7511202084578D00ABCCB7 /* XYPullRefreshView.h */,
				6F7511212084578D00ABCCB7 /* XYPullRefreshView.m */,
				6F7511222084578D00ABCCB7 /* XYPushRefreshView.h */,
				6F7511232084578D00ABCCB7 /* XYPushRefreshView.m */,
			);
			path = Source;
			sourceTree = SOURCE_ROOT;
		};
		B7D600131DBB64090005FB38 = {
			isa = PBXGroup;
			children = (
				B7D6001E1DBB64090005FB38 /* XYRefreshTool */,
				B7D6001D1DBB64090005FB38 /* Products */,
			);
			sourceTree = "<group>";
		};
		B7D6001D1DBB64090005FB38 /* Products */ = {
			isa = PBXGroup;
			children = (
				B7D6001C1DBB64090005FB38 /* XYRefreshTool.app */,
			);
			name = Products;
			sourceTree = "<group>";
		};
		B7D6001E1DBB64090005FB38 /* XYRefreshTool */ = {
			isa = PBXGroup;
			children = (
				6F75111B2084578D00ABCCB7 /* Source */,
				B7D600221DBB64090005FB38 /* AppDelegate.h */,
				B7D600231DBB64090005FB38 /* AppDelegate.m */,
				B7D600251DBB64090005FB38 /* ViewController.h */,
				B7D600261DBB64090005FB38 /* ViewController.m */,
				B7D600281DBB64090005FB38 /* Main.storyboard */,
				B7D6002B1DBB64090005FB38 /* Assets.xcassets */,
				B7D6002D1DBB64090005FB38 /* LaunchScreen.storyboard */,
				B7D600301DBB64090005FB38 /* Info.plist */,
				B7D6001F1DBB64090005FB38 /* Supporting Files */,
			);
			path = XYRefreshTool;
			sourceTree = "<group>";
		};
		B7D6001F1DBB64090005FB38 /* Supporting Files */ = {
			isa = PBXGroup;
			children = (
				B7D600201DBB64090005FB38 /* main.m */,
			);
			name = "Supporting Files";
			sourceTree = "<group>";
		};
/* End PBXGroup section */

/* Begin PBXNativeTarget section */
		B7D6001B1DBB64090005FB38 /* XYRefreshTool */ = {
			isa = PBXNativeTarget;
			buildConfigurationList = B7D600331DBB64090005FB38 /* Build configuration list for PBXNativeTarget "XYRefreshTool" */;
			buildPhases = (
				B7D600181DBB64090005FB38 /* Sources */,
				B7D600191DBB64090005FB38 /* Frameworks */,
				B7D6001A1DBB64090005FB38 /* Resources */,
			);
			buildRules = (
			);
			dependencies = (
			);
			name = XYRefreshTool;
			productName = XYRefreshTool;
			productReference = B7D6001C1DBB64090005FB38 /* XYRefreshTool.app */;
			productType = "com.apple.product-type.application";
		};
/* End PBXNativeTarget section */

/* Begin PBXProject section */
		B7D600141DBB64090005FB38 /* Project object */ = {
			isa = PBXProject;
			attributes = {
				LastUpgradeCheck = 0800;
				ORGANIZATIONNAME = xiaoyu;
				TargetAttributes = {
					B7D6001B1DBB64090005FB38 = {
						CreatedOnToolsVersion = 8.0;
						DevelopmentTeam = NQ6LQC28H4;
						ProvisioningStyle = Automatic;
					};
				};
			};
			buildConfigurationList = B7D600171DBB64090005FB38 /* Build configuration list for PBXProject "XYRefreshTool" */;
			compatibilityVersion = "Xcode 3.2";
			developmentRegion = English;
			hasScannedForEncodings = 0;
			knownRegions = (
				en,
				Base,
			);
			mainGroup = B7D600131DBB64090005FB38;
			productRefGroup = B7D6001D1DBB64090005FB38 /* Products */;
			projectDirPath = "";
			projectRoot = "";
			targets = (
				B7D6001B1DBB64090005FB38 /* XYRefreshTool */,
			);
		};
/* End PBXProject section */

/* Begin PBXResourcesBuildPhase section */
		B7D6001A1DBB64090005FB38 /* Resources */ = {
			isa = PBXResourcesBuildPhase;
			buildActionMask = 2147483647;
			files = (
				B7D6002F1DBB64090005FB38 /* LaunchScreen.storyboard in Resources */,
				6F75113920847FB800ABCCB7 /* XYRefreshTool.bundle in Resources */,
				B7D6002C1DBB64090005FB38 /* Assets.xcassets in Resources */,
				B7D6002A1DBB64090005FB38 /* Main.storyboard in Resources */,
			);
			runOnlyForDeploymentPostprocessing = 0;
		};
/* End PBXResourcesBuildPhase section */

/* Begin PBXSourcesBuildPhase section */
		B7D600181DBB64090005FB38 /* Sources */ = {
			isa = PBXSourcesBuildPhase;
			buildActionMask = 2147483647;
			files = (
				6F7511272084578D00ABCCB7 /* XYPullRefreshView.m in Sources */,
				B7D600271DBB64090005FB38 /* ViewController.m in Sources */,
				6F7511262084578D00ABCCB7 /* UIScrollView+XYRefreshView.m in Sources */,
				B7D600241DBB64090005FB38 /* AppDelegate.m in Sources */,
				B7D600211DBB64090005FB38 /* main.m in Sources */,
				6F7511282084578D00ABCCB7 /* XYPushRefreshView.m in Sources */,
			);
			runOnlyForDeploymentPostprocessing = 0;
		};
/* End PBXSourcesBuildPhase section */

/* Begin PBXVariantGroup section */
		B7D600281DBB64090005FB38 /* Main.storyboard */ = {
			isa = PBXVariantGroup;
			children = (
				B7D600291DBB64090005FB38 /* Base */,
			);
			name = Main.storyboard;
			sourceTree = "<group>";
		};
		B7D6002D1DBB64090005FB38 /* LaunchScreen.storyboard */ = {
			isa = PBXVariantGroup;
			children = (
				B7D6002E1DBB64090005FB38 /* Base */,
			);
			name = LaunchScreen.storyboard;
			sourceTree = "<group>";
		};
/* End PBXVariantGroup section */

/* Begin XCBuildConfiguration section */
		B7D600311DBB64090005FB38 /* Debug */ = {
			isa = XCBuildConfiguration;
			buildSettings = {
				ALWAYS_SEARCH_USER_PATHS = NO;
				CLANG_ANALYZER_NONNULL = YES;
				CLANG_CXX_LANGUAGE_STANDARD = "gnu++0x";
				CLANG_CXX_LIBRARY = "libc++";
				CLANG_ENABLE_MODULES = YES;
				CLANG_ENABLE_OBJC_ARC = YES;
				CLANG_WARN_BOOL_CONVERSION = YES;
				CLANG_WARN_CONSTANT_CONVERSION = YES;
				CLANG_WARN_DIRECT_OBJC_ISA_USAGE = YES_ERROR;
				CLANG_WARN_DOCUMENTATION_COMMENTS = YES;
				CLANG_WARN_EMPTY_BODY = YES;
				CLANG_WARN_ENUM_CONVERSION = YES;
				CLANG_WARN_INFINITE_RECURSION = YES;
				CLANG_WARN_INT_CONVERSION = YES;
				CLANG_WARN_OBJC_ROOT_CLASS = YES_ERROR;
				CLANG_WARN_SUSPICIOUS_MOVES = YES;
				CLANG_WARN_UNREACHABLE_CODE = YES;
				CLANG_WARN__DUPLICATE_METHOD_MATCH = YES;
				"CODE_SIGN_IDENTITY[sdk=iphoneos*]" = "iPhone Developer";
				COPY_PHASE_STRIP = NO;
				DEBUG_INFORMATION_FORMAT = dwarf;
				ENABLE_STRICT_OBJC_MSGSEND = YES;
				ENABLE_TESTABILITY = YES;
				GCC_C_LANGUAGE_STANDARD = gnu99;
				GCC_DYNAMIC_NO_PIC = NO;
				GCC_NO_COMMON_BLOCKS = YES;
				GCC_OPTIMIZATION_LEVEL = 0;
				GCC_PREPROCESSOR_DEFINITIONS = (
					"DEBUG=1",
					"$(inherited)",
				);
				GCC_WARN_64_TO_32_BIT_CONVERSION = YES;
				GCC_WARN_ABOUT_RETURN_TYPE = YES_ERROR;
				GCC_WARN_UNDECLARED_SELECTOR = YES;
				GCC_WARN_UNINITIALIZED_AUTOS = YES_AGGRESSIVE;
				GCC_WARN_UNUSED_FUNCTION = YES;
				GCC_WARN_UNUSED_VARIABLE = YES;
				IPHONEOS_DEPLOYMENT_TARGET = 10.0;
				MTL_ENABLE_DEBUG_INFO = YES;
				ONLY_ACTIVE_ARCH = YES;
				SDKROOT = iphoneos;
			};
			name = Debug;
		};
		B7D600321DBB64090005FB38 /* Release */ = {
			isa = XCBuildConfiguration;
			buildSettings = {
				ALWAYS_SEARCH_USER_PATHS = NO;
				CLANG_ANALYZER_NONNULL = YES;
				CLANG_CXX_LANGUAGE_STANDARD = "gnu++0x";
				CLANG_CXX_LIBRARY = "libc++";
				CLANG_ENABLE_MODULES = YES;
				CLANG_ENABLE_OBJC_ARC = YES;
				CLANG_WARN_BOOL_CONVERSION = YES;
				CLANG_WARN_CONSTANT_CONVERSION = YES;
				CLANG_WARN_DIRECT_OBJC_ISA_USAGE = YES_ERROR;
				CLANG_WARN_DOCUMENTATION_COMMENTS = YES;
				CLANG_WARN_EMPTY_BODY = YES;
				CLANG_WARN_ENUM_CONVERSION = YES;
				CLANG_WARN_INFINITE_RECURSION = YES;
				CLANG_WARN_INT_CONVERSION = YES;
				CLANG_WARN_OBJC_ROOT_CLASS = YES_ERROR;
				CLANG_WARN_SUSPICIOUS_MOVES = YES;
				CLANG_WARN_UNREACHABLE_CODE = YES;
				CLANG_WARN__DUPLICATE_METHOD_MATCH = YES;
				"CODE_SIGN_IDENTITY[sdk=iphoneos*]" = "iPhone Developer";
				COPY_PHASE_STRIP = NO;
				DEBUG_INFORMATION_FORMAT = "dwarf-with-dsym";
				ENABLE_NS_ASSERTIONS = NO;
				ENABLE_STRICT_OBJC_MSGSEND = YES;
				GCC_C_LANGUAGE_STANDARD = gnu99;
				GCC_NO_COMMON_BLOCKS = YES;
				GCC_WARN_64_TO_32_BIT_CONVERSION = YES;
				GCC_WARN_ABOUT_RETURN_TYPE = YES_ERROR;
				GCC_WARN_UNDECLARED_SELECTOR = YES;
				GCC_WARN_UNINITIALIZED_AUTOS = YES_AGGRESSIVE;
				GCC_WARN_UNUSED_FUNCTION = YES;
				GCC_WARN_UNUSED_VARIABLE = YES;
				IPHONEOS_DEPLOYMENT_TARGET = 10.0;
				MTL_ENABLE_DEBUG_INFO = NO;
				SDKROOT = iphoneos;
				VALIDATE_PRODUCT = YES;
			};
			name = Release;
		};
		B7D600341DBB64090005FB38 /* Debug */ = {
			isa = XCBuildConfiguration;
			buildSettings = {
				ASSETCATALOG_COMPILER_APPICON_NAME = AppIcon;
				DEVELOPMENT_TEAM = NQ6LQC28H4;
				INFOPLIST_FILE = XYRefreshTool/Info.plist;
				IPHONEOS_DEPLOYMENT_TARGET = 9.0;
				LD_RUNPATH_SEARCH_PATHS = "$(inherited) @executable_path/Frameworks";
				PRODUCT_BUNDLE_IDENTIFIER = XY.XYRefreshTool;
				PRODUCT_NAME = "$(TARGET_NAME)";
			};
			name = Debug;
		};
		B7D600351DBB64090005FB38 /* Release */ = {
			isa = XCBuildConfiguration;
			buildSettings = {
				ASSETCATALOG_COMPILER_APPICON_NAME = AppIcon;
				DEVELOPMENT_TEAM = NQ6LQC28H4;
				INFOPLIST_FILE = XYRefreshTool/Info.plist;
				IPHONEOS_DEPLOYMENT_TARGET = 9.0;
				LD_RUNPATH_SEARCH_PATHS = "$(inherited) @executable_path/Frameworks";
				PRODUCT_BUNDLE_IDENTIFIER = XY.XYRefreshTool;
				PRODUCT_NAME = "$(TARGET_NAME)";
			};
			name = Release;
		};
/* End XCBuildConfiguration section */

/* Begin XCConfigurationList section */
		B7D600171DBB64090005FB38 /* Build configuration list for PBXProject "XYRefreshTool" */ = {
			isa = XCConfigurationList;
			buildConfigurations = (
				B7D600311DBB64090005FB38 /* Debug */,
				B7D600321DBB64090005FB38 /* Release */,
			);
			defaultConfigurationIsVisible = 0;
			defaultConfigurationName = Release;
		};
		B7D600331DBB64090005FB38 /* Build configuration list for PBXNativeTarget "XYRefreshTool" */ = {
			isa = XCConfigurationList;
			buildConfigurations = (
				B7D600341DBB64090005FB38 /* Debug */,
				B7D600351DBB64090005FB38 /* Release */,
			);
			defaultConfigurationIsVisible = 0;
			defaultConfigurationName = Release;
		};
/* End XCConfigurationList section */
	};
	rootObject = B7D600141DBB64090005FB38 /* Project object */;
}
